
Microsoft Visual Studio Solution File, Format Version 12.00
Project("{FAE04EC0-301F-11D3-BF4B-00C04F79EFBC}") = "Sweetspot", "Sweetspot\Sweetspot.csproj", "{A0FDDF71-88DB-4700-A3BD-FBCA120960F1}"
EndProject
Global
	GlobalSection(SolutionConfigurationPlatforms) = preSolution
		Debug|Any CPU = Debug|Any CPU
		Release|Any CPU = Release|Any CPU
	EndGlobalSection
	GlobalSection(ProjectConfigurationPlatforms) = postSolution
		{A0FDDF71-88DB-4700-A3BD-FBCA120960F1}.Debug|Any CPU.ActiveCfg = Debug|Any CPU
		{A0FDDF71-88DB-4700-A3BD-FBCA120960F1}.Debug|Any CPU.Build.0 = Debug|Any CPU
		{A0FDDF71-88DB-4700-A3BD-FBCA120960F1}.Release|Any CPU.ActiveCfg = Release|Any CPU
		{A0FDDF71-88DB-4700-A3BD-FBCA120960F1}.Release|Any CPU.Build.0 = Release|Any CPU
	EndGlobalSection
EndGlobal
